
Microsoft Visual Studio Solution File, Format Version 12.00
# Visual Studio Version 17
VisualStudioVersion = 17.14.36623.8 d17.14
MinimumVisualStudioVersion = 10.0.40219.1
Project("{FAE04EC0-301F-11D3-BF4B-00C04F79EFBC}") = "LeMiniMiniProject", "LeMiniMiniProject.csproj", "{81A6E7D1-14EE-4711-A7C9-BE0B26F40C7C}"
EndProject
Global
	GlobalSection(SolutionConfigurationPlatforms) = preSolution
		Debug|Any CPU = Debug|Any CPU
		Release|Any CPU = Release|Any CPU
	EndGlobalSection
	GlobalSection(ProjectConfigurationPlatforms) = postSolution
		{81A6E7D1-14EE-4711-A7C9-BE0B26F40C7C}.Debug|Any CPU.ActiveCfg = Debug|Any CPU
		{81A6E7D1-14EE-4711-A7C9-BE0B26F40C7C}.Debug|Any CPU.Build.0 = Debug|Any CPU
		{81A6E7D1-14EE-4711-A7C9-BE0B26F40C7C}.Release|Any CPU.ActiveCfg = Release|Any CPU
		{81A6E7D1-14EE-4711-A7C9-BE0B26F40C7C}.Release|Any CPU.Build.0 = Release|Any CPU
	EndGlobalSection
	GlobalSection(SolutionProperties) = preSolution
		HideSolutionNode = FALSE
	EndGlobalSection
	GlobalSection(ExtensibilityGlobals) = postSolution
		SolutionGuid = {B76F6BB6-10B3-4AEE-9B88-F224C1F7EAB7}
	EndGlobalSection
EndGlobal
